
Microsoft Visual Studio Solution File, Format Version 12.00
# Visual Studio Version 17
VisualStudioVersion = 17.10.35122.118
MinimumVisualStudioVersion = 10.0.40219.1
Project("{FAE04EC0-301F-11D3-BF4B-00C04F79EFBC}") = "SpecFlowProjectA", "SpecFlowProject7\SpecFlowProjectA.csproj", "{1BD489E2-388B-4CE6-8FCD-9EA824FBA822}"
EndProject
Global
	GlobalSection(SolutionConfigurationPlatforms) = preSolution
		Debug|Any CPU = Debug|Any CPU
		Release|Any CPU = Release|Any CPU
	EndGlobalSection
	GlobalSection(ProjectConfigurationPlatforms) = postSolution
		{1BD489E2-388B-4CE6-8FCD-9EA824FBA822}.Debug|Any CPU.ActiveCfg = Debug|Any CPU
		{1BD489E2-388B-4CE6-8FCD-9EA824FBA822}.Debug|Any CPU.Build.0 = Debug|Any CPU
		{1BD489E2-388B-4CE6-8FCD-9EA824FBA822}.Release|Any CPU.ActiveCfg = Release|Any CPU
		{1BD489E2-388B-4CE6-8FCD-9EA824FBA822}.Release|Any CPU.Build.0 = Release|Any CPU
	EndGlobalSection
	GlobalSection(SolutionProperties) = preSolution
		HideSolutionNode = FALSE
	EndGlobalSection
	GlobalSection(ExtensibilityGlobals) = postSolution
		SolutionGuid = {68BD25CE-3136-489D-BD08-1B6C48916BAE}
	EndGlobalSection
EndGlobal
